
Microsoft Visual Studio Solution File, Format Version 12.00
# Visual Studio Version 17
VisualStudioVersion = 17.9.34616.47
MinimumVisualStudioVersion = 10.0.40219.1
Project("{FAE04EC0-301F-11D3-BF4B-00C04F79EFBC}") = "Treinamento", "Treinamento\Treinamento.csproj", "{E65C2A5D-792B-42C0-BEF8-703459635CF0}"
EndProject
Global
	GlobalSection(SolutionConfigurationPlatforms) = preSolution
		Debug|Any CPU = Debug|Any CPU
		Release|Any CPU = Release|Any CPU
	EndGlobalSection
	GlobalSection(ProjectConfigurationPlatforms) = postSolution
		{E65C2A5D-792B-42C0-BEF8-703459635CF0}.Debug|Any CPU.ActiveCfg = Debug|Any CPU
		{E65C2A5D-792B-42C0-BEF8-703459635CF0}.Debug|Any CPU.Build.0 = Debug|Any CPU
		{E65C2A5D-792B-42C0-BEF8-703459635CF0}.Release|Any CPU.ActiveCfg = Release|Any CPU
		{E65C2A5D-792B-42C0-BEF8-703459635CF0}.Release|Any CPU.Build.0 = Release|Any CPU
	EndGlobalSection
	GlobalSection(SolutionProperties) = preSolution
		HideSolutionNode = FALSE
	EndGlobalSection
	GlobalSection(ExtensibilityGlobals) = postSolution
		SolutionGuid = {CABBDBD4-DD14-4EDA-8807-38A0A6C93110}
	EndGlobalSection
EndGlobal
